
Microsoft Visual Studio Solution File, Format Version 12.00
# Visual Studio Version 17
VisualStudioVersion = 17.14.37012.4
MinimumVisualStudioVersion = 10.0.40219.1
Project("{8BC9CEB8-8B4A-11D0-8D11-00A0C91BC942}") = "CBasic-Runtime", "CBasic-Runtime\CBasic-Runtime.vcxproj", "{34731582-5D4F-48F4-9F22-67CD2567F9D2}"
EndProject
Project("{8BC9CEB8-8B4A-11D0-8D11-00A0C91BC942}") = "CBasic-Test", "CBasic-Test\CBasic-Test.vcxproj", "{7485F155-6F60-4E90-A3C1-4E8692AC3B3F}"
EndProject
Project("{FAE04EC0-301F-11D3-BF4B-00C04F79EFBC}") = "CBasic-CLI", "CBasic-CLI\CBasic-CLI.csproj", "{B319D69C-C3B3-49DF-BC91-6E4EFE4BF572}"
EndProject
Global
	GlobalSection(SolutionConfigurationPlatforms) = preSolution
		Debug|Any CPU = Debug|Any CPU
		Debug|x64 = Debug|x64
		Debug|x86 = Debug|x86
		Release|Any CPU = Release|Any CPU
		Release|x64 = Release|x64
		Release|x86 = Release|x86
	EndGlobalSection
	GlobalSection(ProjectConfigurationPlatforms) = postSolution
		{34731582-5D4F-48F4-9F22-67CD2567F9D2}.Debug|Any CPU.ActiveCfg = Debug|x64
		{34731582-5D4F-48F4-9F22-67CD2567F9D2}.Debug|Any CPU.Build.0 = Debug|x64
		{34731582-5D4F-48F4-9F22-67CD2567F9D2}.Debug|x64.ActiveCfg = Debug|x64
		{34731582-5D4F-48F4-9F22-67CD2567F9D2}.Debug|x64.Build.0 = Debug|x64
		{34731582-5D4F-48F4-9F22-67CD2567F9D2}.Debug|x86.ActiveCfg = Debug|Win32
		{34731582-5D4F-48F4-9F22-67CD2567F9D2}.Debug|x86.Build.0 = Debug|Win32
		{34731582-5D4F-48F4-9F22-67CD2567F9D2}.Release|Any CPU.ActiveCfg = Release|x64
		{34731582-5D4F-48F4-9F22-67CD2567F9D2}.Release|Any CPU.Build.0 = Release|x64
		{34731582-5D4F-48F4-9F22-67CD2567F9D2}.Release|x64.ActiveCfg = Release|x64
		{34731582-5D4F-48F4-9F22-67CD2567F9D2}.Release|x64.Build.0 = Release|x64
		{34731582-5D4F-48F4-9F22-67CD2567F9D2}.Release|x86.ActiveCfg = Release|Win32
		{34731582-5D4F-48F4-9F22-67CD2567F9D2}.Release|x86.Build.0 = Release|Win32
		{7485F155-6F60-4E90-A3C1-4E8692AC3B3F}.Debug|Any CPU.ActiveCfg = Debug|x64
		{7485F155-6F60-4E90-A3C1-4E8692AC3B3F}.Debug|Any CPU.Build.0 = Debug|x64
		{7485F155-6F60-4E90-A3C1-4E8692AC3B3F}.Debug|x64.ActiveCfg = Debug|x64
		{7485F155-6F60-4E90-A3C1-4E8692AC3B3F}.Debug|x64.Build.0 = Debug|x64
		{7485F155-6F60-4E90-A3C1-4E8692AC3B3F}.Debug|x86.ActiveCfg = Debug|Win32
		{7485F155-6F60-4E90-A3C1-4E8692AC3B3F}.Debug|x86.Build.0 = Debug|Win32
		{7485F155-6F60-4E90-A3C1-4E8692AC3B3F}.Release|Any CPU.ActiveCfg = Release|x64
		{7485F155-6F60-4E90-A3C1-4E8692AC3B3F}.Release|Any CPU.Build.0 = Release|x64
		{7485F155-6F60-4E90-A3C1-4E8692AC3B3F}.Release|x64.ActiveCfg = Release|x64
		{7485F155-6F60-4E90-A3C1-4E8692AC3B3F}.Release|x64.Build.0 = Release|x64
		{7485F155-6F60-4E90-A3C1-4E8692AC3B3F}.Release|x86.ActiveCfg = Release|Win32
		{7485F155-6F60-4E90-A3C1-4E8692AC3B3F}.Release|x86.Build.0 = Release|Win32
		{B319D69C-C3B3-49DF-BC91-6E4EFE4BF572}.Debug|Any CPU.ActiveCfg = Debug|Any CPU
		{B319D69C-C3B3-49DF-BC91-6E4EFE4BF572}.Debug|Any CPU.Build.0 = Debug|Any CPU
		{B319D69C-C3B3-49DF-BC91-6E4EFE4BF572}.Debug|x64.ActiveCfg = Debug|Any CPU
		{B319D69C-C3B3-49DF-BC91-6E4EFE4BF572}.Debug|x64.Build.0 = Debug|Any CPU
		{B319D69C-C3B3-49DF-BC91-6E4EFE4BF572}.Debug|x86.ActiveCfg = Debug|Any CPU
		{B319D69C-C3B3-49DF-BC91-6E4EFE4BF572}.Debug|x86.Build.0 = Debug|Any CPU
		{B319D69C-C3B3-49DF-BC91-6E4EFE4BF572}.Release|Any CPU.ActiveCfg = Release|Any CPU
		{B319D69C-C3B3-49DF-BC91-6E4EFE4BF572}.Release|Any CPU.Build.0 = Release|Any CPU
		{B319D69C-C3B3-49DF-BC91-6E4EFE4BF572}.Release|x64.ActiveCfg = Release|Any CPU
		{B319D69C-C3B3-49DF-BC91-6E4EFE4BF572}.Release|x64.Build.0 = Release|Any CPU
		{B319D69C-C3B3-49DF-BC91-6E4EFE4BF572}.Release|x86.ActiveCfg = Release|Any CPU
		{B319D69C-C3B3-49DF-BC91-6E4EFE4BF572}.Release|x86.Build.0 = Release|Any CPU
	EndGlobalSection
	GlobalSection(SolutionProperties) = preSolution
		HideSolutionNode = FALSE
	EndGlobalSection
	GlobalSection(ExtensibilityGlobals) = postSolution
		SolutionGuid = {D21A9397-CCE5-4C6A-AE19-9061C3F4C92B}
	EndGlobalSection
EndGlobal
